
Microsoft Visual Studio Solution File, Format Version 12.00
# Visual Studio Version 17
VisualStudioVersion = 17.14.36301.6 d17.14
MinimumVisualStudioVersion = 10.0.40219.1
Project("{FAE04EC0-301F-11D3-BF4B-00C04F79EFBC}") = "CustomerService", "CustomerService\CustomerService.csproj", "{31C45F61-6F40-46FF-98E9-34812586D640}"
EndProject
Global
	GlobalSection(SolutionConfigurationPlatforms) = preSolution
		Debug|Any CPU = Debug|Any CPU
		Release|Any CPU = Release|Any CPU
	EndGlobalSection
	GlobalSection(ProjectConfigurationPlatforms) = postSolution
		{31C45F61-6F40-46FF-98E9-34812586D640}.Debug|Any CPU.ActiveCfg = Debug|Any CPU
		{31C45F61-6F40-46FF-98E9-34812586D640}.Debug|Any CPU.Build.0 = Debug|Any CPU
		{31C45F61-6F40-46FF-98E9-34812586D640}.Release|Any CPU.ActiveCfg = Release|Any CPU
		{31C45F61-6F40-46FF-98E9-34812586D640}.Release|Any CPU.Build.0 = Release|Any CPU
	EndGlobalSection
	GlobalSection(SolutionProperties) = preSolution
		HideSolutionNode = FALSE
	EndGlobalSection
	GlobalSection(ExtensibilityGlobals) = postSolution
		SolutionGuid = {F42350C4-BA8C-4224-8B14-F383A9D7BC20}
	EndGlobalSection
EndGlobal
