
Microsoft Visual Studio Solution File, Format Version 12.00
# Visual Studio Version 17
VisualStudioVersion = 17.14.36301.6 d17.14
MinimumVisualStudioVersion = 10.0.40219.1
Project("{FAE04EC0-301F-11D3-BF4B-00C04F79EFBC}") = "UndoOperationsInCalculator", "UndoOperationsInCalculator\UndoOperationsInCalculator.csproj", "{CA525DF7-E805-4948-A933-2D43F6BDC952}"
EndProject
Global
	GlobalSection(SolutionConfigurationPlatforms) = preSolution
		Debug|Any CPU = Debug|Any CPU
		Release|Any CPU = Release|Any CPU
	EndGlobalSection
	GlobalSection(ProjectConfigurationPlatforms) = postSolution
		{CA525DF7-E805-4948-A933-2D43F6BDC952}.Debug|Any CPU.ActiveCfg = Debug|Any CPU
		{CA525DF7-E805-4948-A933-2D43F6BDC952}.Debug|Any CPU.Build.0 = Debug|Any CPU
		{CA525DF7-E805-4948-A933-2D43F6BDC952}.Release|Any CPU.ActiveCfg = Release|Any CPU
		{CA525DF7-E805-4948-A933-2D43F6BDC952}.Release|Any CPU.Build.0 = Release|Any CPU
	EndGlobalSection
	GlobalSection(SolutionProperties) = preSolution
		HideSolutionNode = FALSE
	EndGlobalSection
	GlobalSection(ExtensibilityGlobals) = postSolution
		SolutionGuid = {18F2057A-8852-4C94-825D-8845D5A9F754}
	EndGlobalSection
EndGlobal
