
Microsoft Visual Studio Solution File, Format Version 12.00
# Visual Studio Version 17
VisualStudioVersion = 17.14.36301.6 d17.14
MinimumVisualStudioVersion = 10.0.40219.1
Project("{FAE04EC0-301F-11D3-BF4B-00C04F79EFBC}") = "AutoComplete-AVL", "AutoComplete-AVL\AutoComplete-AVL.csproj", "{868E8D6E-618A-4635-9138-751F83146BD3}"
EndProject
Global
	GlobalSection(SolutionConfigurationPlatforms) = preSolution
		Debug|Any CPU = Debug|Any CPU
		Release|Any CPU = Release|Any CPU
	EndGlobalSection
	GlobalSection(ProjectConfigurationPlatforms) = postSolution
		{868E8D6E-618A-4635-9138-751F83146BD3}.Debug|Any CPU.ActiveCfg = Debug|Any CPU
		{868E8D6E-618A-4635-9138-751F83146BD3}.Debug|Any CPU.Build.0 = Debug|Any CPU
		{868E8D6E-618A-4635-9138-751F83146BD3}.Release|Any CPU.ActiveCfg = Release|Any CPU
		{868E8D6E-618A-4635-9138-751F83146BD3}.Release|Any CPU.Build.0 = Release|Any CPU
	EndGlobalSection
	GlobalSection(SolutionProperties) = preSolution
		HideSolutionNode = FALSE
	EndGlobalSection
	GlobalSection(ExtensibilityGlobals) = postSolution
		SolutionGuid = {6B4987BA-F63F-43BA-9F7C-02858083764B}
	EndGlobalSection
EndGlobal
