
Microsoft Visual Studio Solution File, Format Version 12.00
# Visual Studio Version 17
VisualStudioVersion = 17.14.36301.6 d17.14
MinimumVisualStudioVersion = 10.0.40219.1
Project("{FAE04EC0-301F-11D3-BF4B-00C04F79EFBC}") = "SchedulingTasks", "SchedulingTasks\SchedulingTasks.csproj", "{DC979C93-FF26-415F-B65C-09F8CC673F0E}"
EndProject
Global
	GlobalSection(SolutionConfigurationPlatforms) = preSolution
		Debug|Any CPU = Debug|Any CPU
		Release|Any CPU = Release|Any CPU
	EndGlobalSection
	GlobalSection(ProjectConfigurationPlatforms) = postSolution
		{DC979C93-FF26-415F-B65C-09F8CC673F0E}.Debug|Any CPU.ActiveCfg = Debug|Any CPU
		{DC979C93-FF26-415F-B65C-09F8CC673F0E}.Debug|Any CPU.Build.0 = Debug|Any CPU
		{DC979C93-FF26-415F-B65C-09F8CC673F0E}.Release|Any CPU.ActiveCfg = Release|Any CPU
		{DC979C93-FF26-415F-B65C-09F8CC673F0E}.Release|Any CPU.Build.0 = Release|Any CPU
	EndGlobalSection
	GlobalSection(SolutionProperties) = preSolution
		HideSolutionNode = FALSE
	EndGlobalSection
	GlobalSection(ExtensibilityGlobals) = postSolution
		SolutionGuid = {98539A2B-718B-4020-8D1C-0B0FAE99C3F9}
	EndGlobalSection
EndGlobal
