
Microsoft Visual Studio Solution File, Format Version 12.00
# Visual Studio Version 17
VisualStudioVersion = 17.14.36301.6 d17.14
MinimumVisualStudioVersion = 10.0.40219.1
Project("{FAE04EC0-301F-11D3-BF4B-00C04F79EFBC}") = "ReturnSuccessOrFailureFromMethod", "ReturnSuccessOrFailureFromMethod\ReturnSuccessOrFailureFromMethod.csproj", "{D92A4103-BAA9-4A37-8E40-D3F8D3843B2B}"
EndProject
Global
	GlobalSection(SolutionConfigurationPlatforms) = preSolution
		Debug|Any CPU = Debug|Any CPU
		Release|Any CPU = Release|Any CPU
	EndGlobalSection
	GlobalSection(ProjectConfigurationPlatforms) = postSolution
		{D92A4103-BAA9-4A37-8E40-D3F8D3843B2B}.Debug|Any CPU.ActiveCfg = Debug|Any CPU
		{D92A4103-BAA9-4A37-8E40-D3F8D3843B2B}.Debug|Any CPU.Build.0 = Debug|Any CPU
		{D92A4103-BAA9-4A37-8E40-D3F8D3843B2B}.Release|Any CPU.ActiveCfg = Release|Any CPU
		{D92A4103-BAA9-4A37-8E40-D3F8D3843B2B}.Release|Any CPU.Build.0 = Release|Any CPU
	EndGlobalSection
	GlobalSection(SolutionProperties) = preSolution
		HideSolutionNode = FALSE
	EndGlobalSection
	GlobalSection(ExtensibilityGlobals) = postSolution
		SolutionGuid = {FB4E5C2F-D8D1-46E2-AE19-58F5EB0EFF60}
	EndGlobalSection
EndGlobal
