
Microsoft Visual Studio Solution File, Format Version 12.00
# Visual Studio Version 17
VisualStudioVersion = 17.14.36301.6 d17.14
MinimumVisualStudioVersion = 10.0.40219.1
Project("{FAE04EC0-301F-11D3-BF4B-00C04F79EFBC}") = "ReverseString", "ReverseString\ReverseString.csproj", "{B4F6E207-8B24-4C52-A03B-6E64B4D04020}"
EndProject
Global
	GlobalSection(SolutionConfigurationPlatforms) = preSolution
		Debug|Any CPU = Debug|Any CPU
		Release|Any CPU = Release|Any CPU
	EndGlobalSection
	GlobalSection(ProjectConfigurationPlatforms) = postSolution
		{B4F6E207-8B24-4C52-A03B-6E64B4D04020}.Debug|Any CPU.ActiveCfg = Debug|Any CPU
		{B4F6E207-8B24-4C52-A03B-6E64B4D04020}.Debug|Any CPU.Build.0 = Debug|Any CPU
		{B4F6E207-8B24-4C52-A03B-6E64B4D04020}.Release|Any CPU.ActiveCfg = Release|Any CPU
		{B4F6E207-8B24-4C52-A03B-6E64B4D04020}.Release|Any CPU.Build.0 = Release|Any CPU
	EndGlobalSection
	GlobalSection(SolutionProperties) = preSolution
		HideSolutionNode = FALSE
	EndGlobalSection
	GlobalSection(ExtensibilityGlobals) = postSolution
		SolutionGuid = {167D9482-9596-45A4-9CF9-A3FD889AD63A}
	EndGlobalSection
EndGlobal
