
Microsoft Visual Studio Solution File, Format Version 12.00
# Visual Studio Version 17
VisualStudioVersion = 17.14.36301.6 d17.14
MinimumVisualStudioVersion = 10.0.40219.1
Project("{FAE04EC0-301F-11D3-BF4B-00C04F79EFBC}") = "ShoppingCartForE-CommerceApp", "ShoppingCartForE-CommerceApp\ShoppingCartForE-CommerceApp.csproj", "{C5040DEC-0D88-4347-BF71-10305B871CA0}"
EndProject
Global
	GlobalSection(SolutionConfigurationPlatforms) = preSolution
		Debug|Any CPU = Debug|Any CPU
		Release|Any CPU = Release|Any CPU
	EndGlobalSection
	GlobalSection(ProjectConfigurationPlatforms) = postSolution
		{C5040DEC-0D88-4347-BF71-10305B871CA0}.Debug|Any CPU.ActiveCfg = Debug|Any CPU
		{C5040DEC-0D88-4347-BF71-10305B871CA0}.Debug|Any CPU.Build.0 = Debug|Any CPU
		{C5040DEC-0D88-4347-BF71-10305B871CA0}.Release|Any CPU.ActiveCfg = Release|Any CPU
		{C5040DEC-0D88-4347-BF71-10305B871CA0}.Release|Any CPU.Build.0 = Release|Any CPU
	EndGlobalSection
	GlobalSection(SolutionProperties) = preSolution
		HideSolutionNode = FALSE
	EndGlobalSection
	GlobalSection(ExtensibilityGlobals) = postSolution
		SolutionGuid = {64305027-27CD-4757-9990-4DB2D3895C52}
	EndGlobalSection
EndGlobal
