
Microsoft Visual Studio Solution File, Format Version 12.00
# Visual Studio Version 17
VisualStudioVersion = 17.14.36301.6 d17.14
MinimumVisualStudioVersion = 10.0.40219.1
Project("{FAE04EC0-301F-11D3-BF4B-00C04F79EFBC}") = "SurveyResponses", "SurveyResponses\SurveyResponses.csproj", "{744FA32D-5576-4C9C-ACF3-C3C9FCA90FA8}"
EndProject
Global
	GlobalSection(SolutionConfigurationPlatforms) = preSolution
		Debug|Any CPU = Debug|Any CPU
		Release|Any CPU = Release|Any CPU
	EndGlobalSection
	GlobalSection(ProjectConfigurationPlatforms) = postSolution
		{744FA32D-5576-4C9C-ACF3-C3C9FCA90FA8}.Debug|Any CPU.ActiveCfg = Debug|Any CPU
		{744FA32D-5576-4C9C-ACF3-C3C9FCA90FA8}.Debug|Any CPU.Build.0 = Debug|Any CPU
		{744FA32D-5576-4C9C-ACF3-C3C9FCA90FA8}.Release|Any CPU.ActiveCfg = Release|Any CPU
		{744FA32D-5576-4C9C-ACF3-C3C9FCA90FA8}.Release|Any CPU.Build.0 = Release|Any CPU
	EndGlobalSection
	GlobalSection(SolutionProperties) = preSolution
		HideSolutionNode = FALSE
	EndGlobalSection
	GlobalSection(ExtensibilityGlobals) = postSolution
		SolutionGuid = {BA9F908D-36DC-4E17-9E64-5723D689CB3B}
	EndGlobalSection
EndGlobal
