
Microsoft Visual Studio Solution File, Format Version 12.00
# Visual Studio Version 17
VisualStudioVersion = 17.14.36301.6 d17.14
MinimumVisualStudioVersion = 10.0.40219.1
Project("{FAE04EC0-301F-11D3-BF4B-00C04F79EFBC}") = "CloneQueueUsingRecursion", "CloneQueueUsingRecursion\CloneQueueUsingRecursion.csproj", "{8F23C2CD-E6D7-4628-A936-E851F5D9C3B2}"
EndProject
Global
	GlobalSection(SolutionConfigurationPlatforms) = preSolution
		Debug|Any CPU = Debug|Any CPU
		Release|Any CPU = Release|Any CPU
	EndGlobalSection
	GlobalSection(ProjectConfigurationPlatforms) = postSolution
		{8F23C2CD-E6D7-4628-A936-E851F5D9C3B2}.Debug|Any CPU.ActiveCfg = Debug|Any CPU
		{8F23C2CD-E6D7-4628-A936-E851F5D9C3B2}.Debug|Any CPU.Build.0 = Debug|Any CPU
		{8F23C2CD-E6D7-4628-A936-E851F5D9C3B2}.Release|Any CPU.ActiveCfg = Release|Any CPU
		{8F23C2CD-E6D7-4628-A936-E851F5D9C3B2}.Release|Any CPU.Build.0 = Release|Any CPU
	EndGlobalSection
	GlobalSection(SolutionProperties) = preSolution
		HideSolutionNode = FALSE
	EndGlobalSection
	GlobalSection(ExtensibilityGlobals) = postSolution
		SolutionGuid = {5F86E30D-732B-43C1-A040-4077C2282340}
	EndGlobalSection
EndGlobal
