
Microsoft Visual Studio Solution File, Format Version 12.00
# Visual Studio Version 17
VisualStudioVersion = 17.14.36301.6 d17.14
MinimumVisualStudioVersion = 10.0.40219.1
Project("{FAE04EC0-301F-11D3-BF4B-00C04F79EFBC}") = "SortQueue", "SortQueue\SortQueue.csproj", "{2B485822-1744-4DC1-8B99-75E7EB096038}"
EndProject
Global
	GlobalSection(SolutionConfigurationPlatforms) = preSolution
		Debug|Any CPU = Debug|Any CPU
		Release|Any CPU = Release|Any CPU
	EndGlobalSection
	GlobalSection(ProjectConfigurationPlatforms) = postSolution
		{2B485822-1744-4DC1-8B99-75E7EB096038}.Debug|Any CPU.ActiveCfg = Debug|Any CPU
		{2B485822-1744-4DC1-8B99-75E7EB096038}.Debug|Any CPU.Build.0 = Debug|Any CPU
		{2B485822-1744-4DC1-8B99-75E7EB096038}.Release|Any CPU.ActiveCfg = Release|Any CPU
		{2B485822-1744-4DC1-8B99-75E7EB096038}.Release|Any CPU.Build.0 = Release|Any CPU
	EndGlobalSection
	GlobalSection(SolutionProperties) = preSolution
		HideSolutionNode = FALSE
	EndGlobalSection
	GlobalSection(ExtensibilityGlobals) = postSolution
		SolutionGuid = {FF3484B7-7F94-4D6C-8A15-04EC2D9EF45F}
	EndGlobalSection
EndGlobal
