
Microsoft Visual Studio Solution File, Format Version 12.00
# Visual Studio Version 17
VisualStudioVersion = 17.14.36301.6 d17.14
MinimumVisualStudioVersion = 10.0.40219.1
Project("{FAE04EC0-301F-11D3-BF4B-00C04F79EFBC}") = "SelectionSort", "SelectionSort\SelectionSort.csproj", "{16E517C9-B6A3-4625-AAE7-9BDCCEEE96B9}"
EndProject
Global
	GlobalSection(SolutionConfigurationPlatforms) = preSolution
		Debug|Any CPU = Debug|Any CPU
		Release|Any CPU = Release|Any CPU
	EndGlobalSection
	GlobalSection(ProjectConfigurationPlatforms) = postSolution
		{16E517C9-B6A3-4625-AAE7-9BDCCEEE96B9}.Debug|Any CPU.ActiveCfg = Debug|Any CPU
		{16E517C9-B6A3-4625-AAE7-9BDCCEEE96B9}.Debug|Any CPU.Build.0 = Debug|Any CPU
		{16E517C9-B6A3-4625-AAE7-9BDCCEEE96B9}.Release|Any CPU.ActiveCfg = Release|Any CPU
		{16E517C9-B6A3-4625-AAE7-9BDCCEEE96B9}.Release|Any CPU.Build.0 = Release|Any CPU
	EndGlobalSection
	GlobalSection(SolutionProperties) = preSolution
		HideSolutionNode = FALSE
	EndGlobalSection
	GlobalSection(ExtensibilityGlobals) = postSolution
		SolutionGuid = {367ED6EF-9BF4-4A61-98B4-996D228AA91F}
	EndGlobalSection
EndGlobal
