
Microsoft Visual Studio Solution File, Format Version 12.00
# Visual Studio Version 17
VisualStudioVersion = 17.14.36301.6 d17.14
MinimumVisualStudioVersion = 10.0.40219.1
Project("{FAE04EC0-301F-11D3-BF4B-00C04F79EFBC}") = "FileSystemOrganization", "FileSystemOrganization\FileSystemOrganization.csproj", "{3071404A-E143-43C2-8CC7-49D34B990A46}"
EndProject
Global
	GlobalSection(SolutionConfigurationPlatforms) = preSolution
		Debug|Any CPU = Debug|Any CPU
		Release|Any CPU = Release|Any CPU
	EndGlobalSection
	GlobalSection(ProjectConfigurationPlatforms) = postSolution
		{3071404A-E143-43C2-8CC7-49D34B990A46}.Debug|Any CPU.ActiveCfg = Debug|Any CPU
		{3071404A-E143-43C2-8CC7-49D34B990A46}.Debug|Any CPU.Build.0 = Debug|Any CPU
		{3071404A-E143-43C2-8CC7-49D34B990A46}.Release|Any CPU.ActiveCfg = Release|Any CPU
		{3071404A-E143-43C2-8CC7-49D34B990A46}.Release|Any CPU.Build.0 = Release|Any CPU
	EndGlobalSection
	GlobalSection(SolutionProperties) = preSolution
		HideSolutionNode = FALSE
	EndGlobalSection
	GlobalSection(ExtensibilityGlobals) = postSolution
		SolutionGuid = {6DEB9760-3093-4058-BB0D-A9AE4ABE917D}
	EndGlobalSection
EndGlobal
