
Microsoft Visual Studio Solution File, Format Version 12.00
# Visual Studio Version 17
VisualStudioVersion = 17.14.36301.6 d17.14
MinimumVisualStudioVersion = 10.0.40219.1
Project("{FAE04EC0-301F-11D3-BF4B-00C04F79EFBC}") = "BasicCalulator", "BasicCalulator\BasicCalulator.csproj", "{5B76FA3C-58D4-4521-B18D-4DCE1A56F968}"
EndProject
Global
	GlobalSection(SolutionConfigurationPlatforms) = preSolution
		Debug|Any CPU = Debug|Any CPU
		Release|Any CPU = Release|Any CPU
	EndGlobalSection
	GlobalSection(ProjectConfigurationPlatforms) = postSolution
		{5B76FA3C-58D4-4521-B18D-4DCE1A56F968}.Debug|Any CPU.ActiveCfg = Debug|Any CPU
		{5B76FA3C-58D4-4521-B18D-4DCE1A56F968}.Debug|Any CPU.Build.0 = Debug|Any CPU
		{5B76FA3C-58D4-4521-B18D-4DCE1A56F968}.Release|Any CPU.ActiveCfg = Release|Any CPU
		{5B76FA3C-58D4-4521-B18D-4DCE1A56F968}.Release|Any CPU.Build.0 = Release|Any CPU
	EndGlobalSection
	GlobalSection(SolutionProperties) = preSolution
		HideSolutionNode = FALSE
	EndGlobalSection
	GlobalSection(ExtensibilityGlobals) = postSolution
		SolutionGuid = {7E029BCD-B310-4460-9E51-984E8F3E79B1}
	EndGlobalSection
EndGlobal
