
Microsoft Visual Studio Solution File, Format Version 12.00
# Visual Studio Version 17
VisualStudioVersion = 17.14.36301.6 d17.14
MinimumVisualStudioVersion = 10.0.40219.1
Project("{FAE04EC0-301F-11D3-BF4B-00C04F79EFBC}") = "FindMajorityElement", "FindMajorityElement\FindMajorityElement.csproj", "{425B5D76-E2A3-49DD-948A-E6DD3B0277F2}"
EndProject
Global
	GlobalSection(SolutionConfigurationPlatforms) = preSolution
		Debug|Any CPU = Debug|Any CPU
		Release|Any CPU = Release|Any CPU
	EndGlobalSection
	GlobalSection(ProjectConfigurationPlatforms) = postSolution
		{425B5D76-E2A3-49DD-948A-E6DD3B0277F2}.Debug|Any CPU.ActiveCfg = Debug|Any CPU
		{425B5D76-E2A3-49DD-948A-E6DD3B0277F2}.Debug|Any CPU.Build.0 = Debug|Any CPU
		{425B5D76-E2A3-49DD-948A-E6DD3B0277F2}.Release|Any CPU.ActiveCfg = Release|Any CPU
		{425B5D76-E2A3-49DD-948A-E6DD3B0277F2}.Release|Any CPU.Build.0 = Release|Any CPU
	EndGlobalSection
	GlobalSection(SolutionProperties) = preSolution
		HideSolutionNode = FALSE
	EndGlobalSection
	GlobalSection(ExtensibilityGlobals) = postSolution
		SolutionGuid = {6B76527F-410F-4B31-B679-B45B646F56B8}
	EndGlobalSection
EndGlobal
