
Microsoft Visual Studio Solution File, Format Version 12.00
# Visual Studio Version 17
VisualStudioVersion = 17.14.36301.6 d17.14
MinimumVisualStudioVersion = 10.0.40219.1
Project("{FAE04EC0-301F-11D3-BF4B-00C04F79EFBC}") = "PrinterJobScheduling", "PrinterJobScheduling\PrinterJobScheduling.csproj", "{5CBE7F50-E712-4672-9B34-5E5098BAD801}"
EndProject
Global
	GlobalSection(SolutionConfigurationPlatforms) = preSolution
		Debug|Any CPU = Debug|Any CPU
		Release|Any CPU = Release|Any CPU
	EndGlobalSection
	GlobalSection(ProjectConfigurationPlatforms) = postSolution
		{5CBE7F50-E712-4672-9B34-5E5098BAD801}.Debug|Any CPU.ActiveCfg = Debug|Any CPU
		{5CBE7F50-E712-4672-9B34-5E5098BAD801}.Debug|Any CPU.Build.0 = Debug|Any CPU
		{5CBE7F50-E712-4672-9B34-5E5098BAD801}.Release|Any CPU.ActiveCfg = Release|Any CPU
		{5CBE7F50-E712-4672-9B34-5E5098BAD801}.Release|Any CPU.Build.0 = Release|Any CPU
	EndGlobalSection
	GlobalSection(SolutionProperties) = preSolution
		HideSolutionNode = FALSE
	EndGlobalSection
	GlobalSection(ExtensibilityGlobals) = postSolution
		SolutionGuid = {5D014CC3-FFF6-4CE5-B23F-7D01649D4CBE}
	EndGlobalSection
EndGlobal
