
Microsoft Visual Studio Solution File, Format Version 12.00
# Visual Studio Version 17
VisualStudioVersion = 17.14.36301.6 d17.14
MinimumVisualStudioVersion = 10.0.40219.1
Project("{FAE04EC0-301F-11D3-BF4B-00C04F79EFBC}") = "FindTheFrequencyOfCharacter", "FindTheFrequencyOfCharacter\FindTheFrequencyOfCharacter.csproj", "{3CF3FC86-F921-47B9-993C-0230EFDEEB16}"
EndProject
Global
	GlobalSection(SolutionConfigurationPlatforms) = preSolution
		Debug|Any CPU = Debug|Any CPU
		Release|Any CPU = Release|Any CPU
	EndGlobalSection
	GlobalSection(ProjectConfigurationPlatforms) = postSolution
		{3CF3FC86-F921-47B9-993C-0230EFDEEB16}.Debug|Any CPU.ActiveCfg = Debug|Any CPU
		{3CF3FC86-F921-47B9-993C-0230EFDEEB16}.Debug|Any CPU.Build.0 = Debug|Any CPU
		{3CF3FC86-F921-47B9-993C-0230EFDEEB16}.Release|Any CPU.ActiveCfg = Release|Any CPU
		{3CF3FC86-F921-47B9-993C-0230EFDEEB16}.Release|Any CPU.Build.0 = Release|Any CPU
	EndGlobalSection
	GlobalSection(SolutionProperties) = preSolution
		HideSolutionNode = FALSE
	EndGlobalSection
	GlobalSection(ExtensibilityGlobals) = postSolution
		SolutionGuid = {4D8180DA-9524-4C0B-A139-3F876B1E9C1C}
	EndGlobalSection
EndGlobal
