
Microsoft Visual Studio Solution File, Format Version 12.00
# Visual Studio Version 17
VisualStudioVersion = 17.14.36301.6 d17.14
MinimumVisualStudioVersion = 10.0.40219.1
Project("{FAE04EC0-301F-11D3-BF4B-00C04F79EFBC}") = "TaskScheduling", "TaskScheduling\TaskScheduling.csproj", "{9295C15C-0DBE-4ED3-B0AD-7E302D156723}"
EndProject
Global
	GlobalSection(SolutionConfigurationPlatforms) = preSolution
		Debug|Any CPU = Debug|Any CPU
		Release|Any CPU = Release|Any CPU
	EndGlobalSection
	GlobalSection(ProjectConfigurationPlatforms) = postSolution
		{9295C15C-0DBE-4ED3-B0AD-7E302D156723}.Debug|Any CPU.ActiveCfg = Debug|Any CPU
		{9295C15C-0DBE-4ED3-B0AD-7E302D156723}.Debug|Any CPU.Build.0 = Debug|Any CPU
		{9295C15C-0DBE-4ED3-B0AD-7E302D156723}.Release|Any CPU.ActiveCfg = Release|Any CPU
		{9295C15C-0DBE-4ED3-B0AD-7E302D156723}.Release|Any CPU.Build.0 = Release|Any CPU
	EndGlobalSection
	GlobalSection(SolutionProperties) = preSolution
		HideSolutionNode = FALSE
	EndGlobalSection
	GlobalSection(ExtensibilityGlobals) = postSolution
		SolutionGuid = {7251D021-A764-4AF4-9B3E-35F3C0871905}
	EndGlobalSection
EndGlobal
