
Microsoft Visual Studio Solution File, Format Version 12.00
# Visual Studio Version 17
VisualStudioVersion = 17.14.36301.6 d17.14
MinimumVisualStudioVersion = 10.0.40219.1
Project("{FAE04EC0-301F-11D3-BF4B-00C04F79EFBC}") = "InterleaveQueue", "InterleaveQueue\InterleaveQueue.csproj", "{C920FD65-B5C9-45E2-9F31-1C6D567696F2}"
EndProject
Global
	GlobalSection(SolutionConfigurationPlatforms) = preSolution
		Debug|Any CPU = Debug|Any CPU
		Release|Any CPU = Release|Any CPU
	EndGlobalSection
	GlobalSection(ProjectConfigurationPlatforms) = postSolution
		{C920FD65-B5C9-45E2-9F31-1C6D567696F2}.Debug|Any CPU.ActiveCfg = Debug|Any CPU
		{C920FD65-B5C9-45E2-9F31-1C6D567696F2}.Debug|Any CPU.Build.0 = Debug|Any CPU
		{C920FD65-B5C9-45E2-9F31-1C6D567696F2}.Release|Any CPU.ActiveCfg = Release|Any CPU
		{C920FD65-B5C9-45E2-9F31-1C6D567696F2}.Release|Any CPU.Build.0 = Release|Any CPU
	EndGlobalSection
	GlobalSection(SolutionProperties) = preSolution
		HideSolutionNode = FALSE
	EndGlobalSection
	GlobalSection(ExtensibilityGlobals) = postSolution
		SolutionGuid = {04A699C3-8687-4AA9-ABFE-793C9135B717}
	EndGlobalSection
EndGlobal
