
Microsoft Visual Studio Solution File, Format Version 12.00
# Visual Studio Version 17
VisualStudioVersion = 17.14.36301.6 d17.14
MinimumVisualStudioVersion = 10.0.40219.1
Project("{FAE04EC0-301F-11D3-BF4B-00C04F79EFBC}") = "FindWordsTypedUsingOneRowOfKeyboard", "FindWordsTypedUsingOneRowOfKeyboard\FindWordsTypedUsingOneRowOfKeyboard.csproj", "{97991D71-F58A-4174-A943-61C8C15AF77F}"
EndProject
Global
	GlobalSection(SolutionConfigurationPlatforms) = preSolution
		Debug|Any CPU = Debug|Any CPU
		Release|Any CPU = Release|Any CPU
	EndGlobalSection
	GlobalSection(ProjectConfigurationPlatforms) = postSolution
		{97991D71-F58A-4174-A943-61C8C15AF77F}.Debug|Any CPU.ActiveCfg = Debug|Any CPU
		{97991D71-F58A-4174-A943-61C8C15AF77F}.Debug|Any CPU.Build.0 = Debug|Any CPU
		{97991D71-F58A-4174-A943-61C8C15AF77F}.Release|Any CPU.ActiveCfg = Release|Any CPU
		{97991D71-F58A-4174-A943-61C8C15AF77F}.Release|Any CPU.Build.0 = Release|Any CPU
	EndGlobalSection
	GlobalSection(SolutionProperties) = preSolution
		HideSolutionNode = FALSE
	EndGlobalSection
	GlobalSection(ExtensibilityGlobals) = postSolution
		SolutionGuid = {20CC997E-265D-48F7-8AE2-A13A680E389D}
	EndGlobalSection
EndGlobal
