
Microsoft Visual Studio Solution File, Format Version 12.00
# Visual Studio Version 17
VisualStudioVersion = 17.14.36301.6 d17.14
MinimumVisualStudioVersion = 10.0.40219.1
Project("{FAE04EC0-301F-11D3-BF4B-00C04F79EFBC}") = "FindMissingNumberInArray", "FindMissingNumberInArray\FindMissingNumberInArray.csproj", "{AAAE1672-9F06-4F92-81CB-14589E1D7F88}"
EndProject
Global
	GlobalSection(SolutionConfigurationPlatforms) = preSolution
		Debug|Any CPU = Debug|Any CPU
		Release|Any CPU = Release|Any CPU
	EndGlobalSection
	GlobalSection(ProjectConfigurationPlatforms) = postSolution
		{AAAE1672-9F06-4F92-81CB-14589E1D7F88}.Debug|Any CPU.ActiveCfg = Debug|Any CPU
		{AAAE1672-9F06-4F92-81CB-14589E1D7F88}.Debug|Any CPU.Build.0 = Debug|Any CPU
		{AAAE1672-9F06-4F92-81CB-14589E1D7F88}.Release|Any CPU.ActiveCfg = Release|Any CPU
		{AAAE1672-9F06-4F92-81CB-14589E1D7F88}.Release|Any CPU.Build.0 = Release|Any CPU
	EndGlobalSection
	GlobalSection(SolutionProperties) = preSolution
		HideSolutionNode = FALSE
	EndGlobalSection
	GlobalSection(ExtensibilityGlobals) = postSolution
		SolutionGuid = {5E371CAE-40E7-499C-A2AF-1A6204D5ED4B}
	EndGlobalSection
EndGlobal
