
Microsoft Visual Studio Solution File, Format Version 12.00
# Visual Studio Version 17
VisualStudioVersion = 17.14.36301.6 d17.14
MinimumVisualStudioVersion = 10.0.40219.1
Project("{FAE04EC0-301F-11D3-BF4B-00C04F79EFBC}") = "FindElementsInRange", "FindElementsInRange\FindElementsInRange.csproj", "{F521ABDC-94D3-4A22-9393-4B3777E4B3A3}"
EndProject
Global
	GlobalSection(SolutionConfigurationPlatforms) = preSolution
		Debug|Any CPU = Debug|Any CPU
		Release|Any CPU = Release|Any CPU
	EndGlobalSection
	GlobalSection(ProjectConfigurationPlatforms) = postSolution
		{F521ABDC-94D3-4A22-9393-4B3777E4B3A3}.Debug|Any CPU.ActiveCfg = Debug|Any CPU
		{F521ABDC-94D3-4A22-9393-4B3777E4B3A3}.Debug|Any CPU.Build.0 = Debug|Any CPU
		{F521ABDC-94D3-4A22-9393-4B3777E4B3A3}.Release|Any CPU.ActiveCfg = Release|Any CPU
		{F521ABDC-94D3-4A22-9393-4B3777E4B3A3}.Release|Any CPU.Build.0 = Release|Any CPU
	EndGlobalSection
	GlobalSection(SolutionProperties) = preSolution
		HideSolutionNode = FALSE
	EndGlobalSection
	GlobalSection(ExtensibilityGlobals) = postSolution
		SolutionGuid = {470D7237-496A-4EE5-89A8-EE9D94ABBBAE}
	EndGlobalSection
EndGlobal
