
Microsoft Visual Studio Solution File, Format Version 12.00
# Visual Studio Version 17
VisualStudioVersion = 17.14.36301.6 d17.14
MinimumVisualStudioVersion = 10.0.40219.1
Project("{FAE04EC0-301F-11D3-BF4B-00C04F79EFBC}") = "EvaluatePostfixExpression", "EvaluatePostfixExpression\EvaluatePostfixExpression.csproj", "{A72B683D-B5E5-4304-90A1-E121203AD89D}"
EndProject
Global
	GlobalSection(SolutionConfigurationPlatforms) = preSolution
		Debug|Any CPU = Debug|Any CPU
		Release|Any CPU = Release|Any CPU
	EndGlobalSection
	GlobalSection(ProjectConfigurationPlatforms) = postSolution
		{A72B683D-B5E5-4304-90A1-E121203AD89D}.Debug|Any CPU.ActiveCfg = Debug|Any CPU
		{A72B683D-B5E5-4304-90A1-E121203AD89D}.Debug|Any CPU.Build.0 = Debug|Any CPU
		{A72B683D-B5E5-4304-90A1-E121203AD89D}.Release|Any CPU.ActiveCfg = Release|Any CPU
		{A72B683D-B5E5-4304-90A1-E121203AD89D}.Release|Any CPU.Build.0 = Release|Any CPU
	EndGlobalSection
	GlobalSection(SolutionProperties) = preSolution
		HideSolutionNode = FALSE
	EndGlobalSection
	GlobalSection(ExtensibilityGlobals) = postSolution
		SolutionGuid = {455AAECF-9DD9-493C-BA68-BF19521A418D}
	EndGlobalSection
EndGlobal
