
Microsoft Visual Studio Solution File, Format Version 12.00
# Visual Studio Version 17
VisualStudioVersion = 17.14.36301.6 d17.14
MinimumVisualStudioVersion = 10.0.40219.1
Project("{FAE04EC0-301F-11D3-BF4B-00C04F79EFBC}") = "BrowserBackButton", "BrowserBackButton\BrowserBackButton.csproj", "{238B6765-70FB-4CE1-8066-7C9D24B6A96E}"
EndProject
Global
	GlobalSection(SolutionConfigurationPlatforms) = preSolution
		Debug|Any CPU = Debug|Any CPU
		Release|Any CPU = Release|Any CPU
	EndGlobalSection
	GlobalSection(ProjectConfigurationPlatforms) = postSolution
		{238B6765-70FB-4CE1-8066-7C9D24B6A96E}.Debug|Any CPU.ActiveCfg = Debug|Any CPU
		{238B6765-70FB-4CE1-8066-7C9D24B6A96E}.Debug|Any CPU.Build.0 = Debug|Any CPU
		{238B6765-70FB-4CE1-8066-7C9D24B6A96E}.Release|Any CPU.ActiveCfg = Release|Any CPU
		{238B6765-70FB-4CE1-8066-7C9D24B6A96E}.Release|Any CPU.Build.0 = Release|Any CPU
	EndGlobalSection
	GlobalSection(SolutionProperties) = preSolution
		HideSolutionNode = FALSE
	EndGlobalSection
	GlobalSection(ExtensibilityGlobals) = postSolution
		SolutionGuid = {1D35D14D-F16A-4A78-ADF3-FEB66E4C4B93}
	EndGlobalSection
EndGlobal
