
Microsoft Visual Studio Solution File, Format Version 12.00
# Visual Studio Version 17
VisualStudioVersion = 17.14.36301.6 d17.14
MinimumVisualStudioVersion = 10.0.40219.1
Project("{FAE04EC0-301F-11D3-BF4B-00C04F79EFBC}") = "RedBlackTree", "RedBlackTree\RedBlackTree.csproj", "{29627B79-CCF9-44EE-96AA-67C8DFFCE909}"
EndProject
Global
	GlobalSection(SolutionConfigurationPlatforms) = preSolution
		Debug|Any CPU = Debug|Any CPU
		Release|Any CPU = Release|Any CPU
	EndGlobalSection
	GlobalSection(ProjectConfigurationPlatforms) = postSolution
		{29627B79-CCF9-44EE-96AA-67C8DFFCE909}.Debug|Any CPU.ActiveCfg = Debug|Any CPU
		{29627B79-CCF9-44EE-96AA-67C8DFFCE909}.Debug|Any CPU.Build.0 = Debug|Any CPU
		{29627B79-CCF9-44EE-96AA-67C8DFFCE909}.Release|Any CPU.ActiveCfg = Release|Any CPU
		{29627B79-CCF9-44EE-96AA-67C8DFFCE909}.Release|Any CPU.Build.0 = Release|Any CPU
	EndGlobalSection
	GlobalSection(SolutionProperties) = preSolution
		HideSolutionNode = FALSE
	EndGlobalSection
	GlobalSection(ExtensibilityGlobals) = postSolution
		SolutionGuid = {EC2FD30B-56D1-43F3-9165-FF0A92E755FB}
	EndGlobalSection
EndGlobal
